
Microsoft Visual Studio Solution File, Format Version 12.00
# Visual Studio Version 17
VisualStudioVersion = 17.2.32505.173
MinimumVisualStudioVersion = 10.0.40219.1
Project("{9A19103F-16F7-4668-BE54-9A1E7A4F7556}") = "Project01FlightServiceFAW", "Project01FlightService\Project01FlightServiceFAW.csproj", "{3FE7D663-2AF5-49F7-947A-90DFCD227E47}"
EndProject
Global
	GlobalSection(SolutionConfigurationPlatforms) = preSolution
		Debug|Any CPU = Debug|Any CPU
		Release|Any CPU = Release|Any CPU
	EndGlobalSection
	GlobalSection(ProjectConfigurationPlatforms) = postSolution
		{3FE7D663-2AF5-49F7-947A-90DFCD227E47}.Debug|Any CPU.ActiveCfg = Debug|Any CPU
		{3FE7D663-2AF5-49F7-947A-90DFCD227E47}.Debug|Any CPU.Build.0 = Debug|Any CPU
		{3FE7D663-2AF5-49F7-947A-90DFCD227E47}.Release|Any CPU.ActiveCfg = Release|Any CPU
		{3FE7D663-2AF5-49F7-947A-90DFCD227E47}.Release|Any CPU.Build.0 = Release|Any CPU
	EndGlobalSection
	GlobalSection(SolutionProperties) = preSolution
		HideSolutionNode = FALSE
	EndGlobalSection
	GlobalSection(ExtensibilityGlobals) = postSolution
		SolutionGuid = {F8E9FDCA-F1A4-4344-B5E0-8A83D9D879F2}
	EndGlobalSection
EndGlobal
